// !$*UTF8*$!
{
	archiveVersion = 1;
	classes = {
	};
	objectVersion = 56;
	objects = {

/* Begin PBXBuildFile section */
		91F1543D2A5CB9240059977A /* ProServ_MobileApp.swift in Sources */ = {isa = PBXBuildFile; fileRef = 91F1543C2A5CB9240059977A /* ProServ_MobileApp.swift */; };
		91F1543F2A5CB9240059977A /* ContentView.swift in Sources */ = {isa = PBXBuildFile; fileRef = 91F1543E2A5CB9240059977A /* ContentView.swift */; };
		91F154412A5CB9250059977A /* Assets.xcassets in Resources */ = {isa = PBXBuildFile; fileRef = 91F154402A5CB9250059977A /* Assets.xcassets */; };
		91F154442A5CB9250059977A /* Preview Assets.xcassets in Resources */ = {isa = PBXBuildFile; fileRef = 91F154432A5CB9250059977A /* Preview Assets.xcassets */; };
		91F1544E2A5CB9250059977A /* ProServ_MobileTests.swift in Sources */ = {isa = PBXBuildFile; fileRef = 91F1544D2A5CB9250059977A /* ProServ_MobileTests.swift */; };
		91F154582A5CB9250059977A /* ProServ_MobileUITests.swift in Sources */ = {isa = PBXBuildFile; fileRef = 91F154572A5CB9250059977A /* ProServ_MobileUITests.swift */; };
		91F1545A2A5CB9250059977A /* ProServ_MobileUITestsLaunchTests.swift in Sources */ = {isa = PBXBuildFile; fileRef = 91F154592A5CB9250059977A /* ProServ_MobileUITestsLaunchTests.swift */; };
		91F1546A2A5CC03E0059977A /* HomeView.swift in Sources */ = {isa = PBXBuildFile; fileRef = 91F154692A5CC03E0059977A /* HomeView.swift */; };
		91F1546E2A5CC07D0059977A /* HomeViewModel.swift in Sources */ = {isa = PBXBuildFile; fileRef = 91F1546D2A5CC07D0059977A /* HomeViewModel.swift */; };
		91F154712A5CC36B0059977A /* ColorExtensions.swift in Sources */ = {isa = PBXBuildFile; fileRef = 91F154702A5CC36B0059977A /* ColorExtensions.swift */; };
		91F154732A5D767E0059977A /* CardView.swift in Sources */ = {isa = PBXBuildFile; fileRef = 91F154722A5D767E0059977A /* CardView.swift */; };
		91F154782A5D822F0059977A /* WeekView.swift in Sources */ = {isa = PBXBuildFile; fileRef = 91F154772A5D822F0059977A /* WeekView.swift */; };
/* End PBXBuildFile section */

/* Begin PBXContainerItemProxy section */
		91F1544A2A5CB9250059977A /* PBXContainerItemProxy */ = {
			isa = PBXContainerItemProxy;
			containerPortal = 91F154312A5CB9240059977A /* Project object */;
			proxyType = 1;
			remoteGlobalIDString = 91F154382A5CB9240059977A;
			remoteInfo = "ProServ Mobile";
		};
		91F154542A5CB9250059977A /* PBXContainerItemProxy */ = {
			isa = PBXContainerItemProxy;
			containerPortal = 91F154312A5CB9240059977A /* Project object */;
			proxyType = 1;
			remoteGlobalIDString = 91F154382A5CB9240059977A;
			remoteInfo = "ProServ Mobile";
		};
/* End PBXContainerItemProxy section */

/* Begin PBXFileReference section */
		91F154392A5CB9240059977A /* ProServ Mobile.app */ = {isa = PBXFileReference; explicitFileType = wrapper.application; includeInIndex = 0; path = "ProServ Mobile.app"; sourceTree = BUILT_PRODUCTS_DIR; };
		91F1543C2A5CB9240059977A /* ProServ_MobileApp.swift */ = {isa = PBXFileReference; lastKnownFileType = sourcecode.swift; path = ProServ_MobileApp.swift; sourceTree = "<group>"; };
		91F1543E2A5CB9240059977A /* ContentView.swift */ = {isa = PBXFileReference; lastKnownFileType = sourcecode.swift; path = ContentView.swift; sourceTree = "<group>"; };
		91F154402A5CB9250059977A /* Assets.xcassets */ = {isa = PBXFileReference; lastKnownFileType = folder.assetcatalog; path = Assets.xcassets; sourceTree = "<group>"; };
		91F154432A5CB9250059977A /* Preview Assets.xcassets */ = {isa = PBXFileReference; lastKnownFileType = folder.assetcatalog; path = "Preview Assets.xcassets"; sourceTree = "<group>"; };
		91F154492A5CB9250059977A /* ProServ MobileTests.xctest */ = {isa = PBXFileReference; explicitFileType = wrapper.cfbundle; includeInIndex = 0; path = "ProServ MobileTests.xctest"; sourceTree = BUILT_PRODUCTS_DIR; };
		91F1544D2A5CB9250059977A /* ProServ_MobileTests.swift */ = {isa = PBXFileReference; lastKnownFileType = sourcecode.swift; path = ProServ_MobileTests.swift; sourceTree = "<group>"; };
		91F154532A5CB9250059977A /* ProServ MobileUITests.xctest */ = {isa = PBXFileReference; explicitFileType = wrapper.cfbundle; includeInIndex = 0; path = "ProServ MobileUITests.xctest"; sourceTree = BUILT_PRODUCTS_DIR; };
		91F154572A5CB9250059977A /* ProServ_MobileUITests.swift */ = {isa = PBXFileReference; lastKnownFileType = sourcecode.swift; path = ProServ_MobileUITests.swift; sourceTree = "<group>"; };
		91F154592A5CB9250059977A /* ProServ_MobileUITestsLaunchTests.swift */ = {isa = PBXFileReference; lastKnownFileType = sourcecode.swift; path = ProServ_MobileUITestsLaunchTests.swift; sourceTree = "<group>"; };
		91F154692A5CC03E0059977A /* HomeView.swift */ = {isa = PBXFileReference; lastKnownFileType = sourcecode.swift; path = HomeView.swift; sourceTree = "<group>"; };
		91F1546D2A5CC07D0059977A /* HomeViewModel.swift */ = {isa = PBXFileReference; lastKnownFileType = sourcecode.swift; path = HomeViewModel.swift; sourceTree = "<group>"; };
		91F154702A5CC36B0059977A /* ColorExtensions.swift */ = {isa = PBXFileReference; lastKnownFileType = sourcecode.swift; path = ColorExtensions.swift; sourceTree = "<group>"; };
		91F154722A5D767E0059977A /* CardView.swift */ = {isa = PBXFileReference; lastKnownFileType = sourcecode.swift; path = CardView.swift; sourceTree = "<group>"; };
		91F154772A5D822F0059977A /* WeekView.swift */ = {isa = PBXFileReference; lastKnownFileType = sourcecode.swift; path = WeekView.swift; sourceTree = "<group>"; };
/* End PBXFileReference section */

/* Begin PBXFrameworksBuildPhase section */
		91F154362A5CB9240059977A /* Frameworks */ = {
			isa = PBXFrameworksBuildPhase;
			buildActionMask = 2147483647;
			files = (
			);
			runOnlyForDeploymentPostprocessing = 0;
		};
		91F154462A5CB9250059977A /* Frameworks */ = {
			isa = PBXFrameworksBuildPhase;
			buildActionMask = 2147483647;
			files = (
			);
			runOnlyForDeploymentPostprocessing = 0;
		};
		91F154502A5CB9250059977A /* Frameworks */ = {
			isa = PBXFrameworksBuildPhase;
			buildActionMask = 2147483647;
			files = (
			);
			runOnlyForDeploymentPostprocessing = 0;
		};
/* End PBXFrameworksBuildPhase section */

/* Begin PBXGroup section */
		91F154302A5CB9240059977A = {
			isa = PBXGroup;
			children = (
				91F1543B2A5CB9240059977A /* ProServ Mobile */,
				91F1544C2A5CB9250059977A /* ProServ MobileTests */,
				91F154562A5CB9250059977A /* ProServ MobileUITests */,
				91F1543A2A5CB9240059977A /* Products */,
			);
			sourceTree = "<group>";
		};
		91F1543A2A5CB9240059977A /* Products */ = {
			isa = PBXGroup;
			children = (
				91F154392A5CB9240059977A /* ProServ Mobile.app */,
				91F154492A5CB9250059977A /* ProServ MobileTests.xctest */,
				91F154532A5CB9250059977A /* ProServ MobileUITests.xctest */,
			);
			name = Products;
			sourceTree = "<group>";
		};
		91F1543B2A5CB9240059977A /* ProServ Mobile */ = {
			isa = PBXGroup;
			children = (
				91F1546F2A5CC35B0059977A /* Data */,
				91F154682A5CC00D0059977A /* ViewModels */,
				91F154672A5CBFFB0059977A /* Models */,
				91F154662A5CBFF30059977A /* Views */,
				91F1543C2A5CB9240059977A /* ProServ_MobileApp.swift */,
				91F1543E2A5CB9240059977A /* ContentView.swift */,
				91F154402A5CB9250059977A /* Assets.xcassets */,
				91F154422A5CB9250059977A /* Preview Content */,
			);
			path = "ProServ Mobile";
			sourceTree = "<group>";
		};
		91F154422A5CB9250059977A /* Preview Content */ = {
			isa = PBXGroup;
			children = (
				91F154432A5CB9250059977A /* Preview Assets.xcassets */,
			);
			path = "Preview Content";
			sourceTree = "<group>";
		};
		91F1544C2A5CB9250059977A /* ProServ MobileTests */ = {
			isa = PBXGroup;
			children = (
				91F1544D2A5CB9250059977A /* ProServ_MobileTests.swift */,
			);
			path = "ProServ MobileTests";
			sourceTree = "<group>";
		};
		91F154562A5CB9250059977A /* ProServ MobileUITests */ = {
			isa = PBXGroup;
			children = (
				91F154572A5CB9250059977A /* ProServ_MobileUITests.swift */,
				91F154592A5CB9250059977A /* ProServ_MobileUITestsLaunchTests.swift */,
			);
			path = "ProServ MobileUITests";
			sourceTree = "<group>";
		};
		91F154662A5CBFF30059977A /* Views */ = {
			isa = PBXGroup;
			children = (
				91F154762A5D82170059977A /* Dashboard */,
				91F154722A5D767E0059977A /* CardView.swift */,
			);
			path = Views;
			sourceTree = "<group>";
		};
		91F154672A5CBFFB0059977A /* Models */ = {
			isa = PBXGroup;
			children = (
			);
			path = Models;
			sourceTree = "<group>";
		};
		91F154682A5CC00D0059977A /* ViewModels */ = {
			isa = PBXGroup;
			children = (
				91F1546D2A5CC07D0059977A /* HomeViewModel.swift */,
			);
			path = ViewModels;
			sourceTree = "<group>";
		};
		91F1546F2A5CC35B0059977A /* Data */ = {
			isa = PBXGroup;
			children = (
				91F154702A5CC36B0059977A /* ColorExtensions.swift */,
			);
			path = Data;
			sourceTree = "<group>";
		};
		91F154762A5D82170059977A /* Dashboard */ = {
			isa = PBXGroup;
			children = (
				91F154692A5CC03E0059977A /* HomeView.swift */,
				91F154772A5D822F0059977A /* WeekView.swift */,
			);
			path = Dashboard;
			sourceTree = "<group>";
		};
/* End PBXGroup section */

/* Begin PBXNativeTarget section */
		91F154382A5CB9240059977A /* ProServ Mobile */ = {
			isa = PBXNativeTarget;
			buildConfigurationList = 91F1545D2A5CB9250059977A /* Build configuration list for PBXNativeTarget "ProServ Mobile" */;
			buildPhases = (
				91F154352A5CB9240059977A /* Sources */,
				91F154362A5CB9240059977A /* Frameworks */,
				91F154372A5CB9240059977A /* Resources */,
			);
			buildRules = (
			);
			dependencies = (
			);
			name = "ProServ Mobile";
			productName = "ProServ Mobile";
			productReference = 91F154392A5CB9240059977A /* ProServ Mobile.app */;
			productType = "com.apple.product-type.application";
		};
		91F154482A5CB9250059977A /* ProServ MobileTests */ = {
			isa = PBXNativeTarget;
			buildConfigurationList = 91F154602A5CB9250059977A /* Build configuration list for PBXNativeTarget "ProServ MobileTests" */;
			buildPhases = (
				91F154452A5CB9250059977A /* Sources */,
				91F154462A5CB9250059977A /* Frameworks */,
				91F154472A5CB9250059977A /* Resources */,
			);
			buildRules = (
			);
			dependencies = (
				91F1544B2A5CB9250059977A /* PBXTargetDependency */,
			);
			name = "ProServ MobileTests";
			productName = "ProServ MobileTests";
			productReference = 91F154492A5CB9250059977A /* ProServ MobileTests.xctest */;
			productType = "com.apple.product-type.bundle.unit-test";
		};
		91F154522A5CB9250059977A /* ProServ MobileUITests */ = {
			isa = PBXNativeTarget;
			buildConfigurationList = 91F154632A5CB9250059977A /* Build configuration list for PBXNativeTarget "ProServ MobileUITests" */;
			buildPhases = (
				91F1544F2A5CB9250059977A /* Sources */,
				91F154502A5CB9250059977A /* Frameworks */,
				91F154512A5CB9250059977A /* Resources */,
			);
			buildRules = (
			);
			dependencies = (
				91F154552A5CB9250059977A /* PBXTargetDependency */,
			);
			name = "ProServ MobileUITests";
			productName = "ProServ MobileUITests";
			productReference = 91F154532A5CB9250059977A /* ProServ MobileUITests.xctest */;
			productType = "com.apple.product-type.bundle.ui-testing";
		};
/* End PBXNativeTarget section */

/* Begin PBXProject section */
		91F154312A5CB9240059977A /* Project object */ = {
			isa = PBXProject;
			attributes = {
				BuildIndependentTargetsInParallel = 1;
				LastSwiftUpdateCheck = 1430;
				LastUpgradeCheck = 1430;
				TargetAttributes = {
					91F154382A5CB9240059977A = {
						CreatedOnToolsVersion = 14.3.1;
					};
					91F154482A5CB9250059977A = {
						CreatedOnToolsVersion = 14.3.1;
						TestTargetID = 91F154382A5CB9240059977A;
					};
					91F154522A5CB9250059977A = {
						CreatedOnToolsVersion = 14.3.1;
						TestTargetID = 91F154382A5CB9240059977A;
					};
				};
			};
			buildConfigurationList = 91F154342A5CB9240059977A /* Build configuration list for PBXProject "ProServ Mobile" */;
			compatibilityVersion = "Xcode 14.0";
			developmentRegion = en;
			hasScannedForEncodings = 0;
			knownRegions = (
				en,
				Base,
			);
			mainGroup = 91F154302A5CB9240059977A;
			productRefGroup = 91F1543A2A5CB9240059977A /* Products */;
			projectDirPath = "";
			projectRoot = "";
			targets = (
				91F154382A5CB9240059977A /* ProServ Mobile */,
				91F154482A5CB9250059977A /* ProServ MobileTests */,
				91F154522A5CB9250059977A /* ProServ MobileUITests */,
			);
		};
/* End PBXProject section */

/* Begin PBXResourcesBuildPhase section */
		91F154372A5CB9240059977A /* Resources */ = {
			isa = PBXResourcesBuildPhase;
			buildActionMask = 2147483647;
			files = (
				91F154442A5CB9250059977A /* Preview Assets.xcassets in Resources */,
				91F154412A5CB9250059977A /* Assets.xcassets in Resources */,
			);
			runOnlyForDeploymentPostprocessing = 0;
		};
		91F154472A5CB9250059977A /* Resources */ = {
			isa = PBXResourcesBuildPhase;
			buildActionMask = 2147483647;
			files = (
			);
			runOnlyForDeploymentPostprocessing = 0;
		};
		91F154512A5CB9250059977A /* Resources */ = {
			isa = PBXResourcesBuildPhase;
			buildActionMask = 2147483647;
			files = (
			);
			runOnlyForDeploymentPostprocessing = 0;
		};
/* End PBXResourcesBuildPhase section */

/* Begin PBXSourcesBuildPhase section */
		91F154352A5CB9240059977A /* Sources */ = {
			isa = PBXSourcesBuildPhase;
			buildActionMask = 2147483647;
			files = (
				91F1546A2A5CC03E0059977A /* HomeView.swift in Sources */,
				91F154712A5CC36B0059977A /* ColorExtensions.swift in Sources */,
				91F1543F2A5CB9240059977A /* ContentView.swift in Sources */,
				91F154782A5D822F0059977A /* WeekView.swift in Sources */,
				91F1543D2A5CB9240059977A /* ProServ_MobileApp.swift in Sources */,
				91F154732A5D767E0059977A /* CardView.swift in Sources */,
				91F1546E2A5CC07D0059977A /* HomeViewModel.swift in Sources */,
			);
			runOnlyForDeploymentPostprocessing = 0;
		};
		91F154452A5CB9250059977A /* Sources */ = {
			isa = PBXSourcesBuildPhase;
			buildActionMask = 2147483647;
			files = (
				91F1544E2A5CB9250059977A /* ProServ_MobileTests.swift in Sources */,
			);
			runOnlyForDeploymentPostprocessing = 0;
		};
		91F1544F2A5CB9250059977A /* Sources */ = {
			isa = PBXSourcesBuildPhase;
			buildActionMask = 2147483647;
			files = (
				91F1545A2A5CB9250059977A /* ProServ_MobileUITestsLaunchTests.swift in Sources */,
				91F154582A5CB9250059977A /* ProServ_MobileUITests.swift in Sources */,
			);
			runOnlyForDeploymentPostprocessing = 0;
		};
/* End PBXSourcesBuildPhase section */

/* Begin PBXTargetDependency section */
		91F1544B2A5CB9250059977A /* PBXTargetDependency */ = {
			isa = PBXTargetDependency;
			target = 91F154382A5CB9240059977A /* ProServ Mobile */;
			targetProxy = 91F1544A2A5CB9250059977A /* PBXContainerItemProxy */;
		};
		91F154552A5CB9250059977A /* PBXTargetDependency */ = {
			isa = PBXTargetDependency;
			target = 91F154382A5CB9240059977A /* ProServ Mobile */;
			targetProxy = 91F154542A5CB9250059977A /* PBXContainerItemProxy */;
		};
/* End PBXTargetDependency section */

/* Begin XCBuildConfiguration section */
		91F1545B2A5CB9250059977A /* Debug */ = {
			isa = XCBuildConfiguration;
			buildSettings = {
				ALWAYS_SEARCH_USER_PATHS = NO;
				CLANG_ANALYZER_NONNULL = YES;
				CLANG_ANALYZER_NUMBER_OBJECT_CONVERSION = YES_AGGRESSIVE;
				CLANG_CXX_LANGUAGE_STANDARD = "gnu++20";
				CLANG_ENABLE_MODULES = YES;
				CLANG_ENABLE_OBJC_ARC = YES;
				CLANG_ENABLE_OBJC_WEAK = YES;
				CLANG_WARN_BLOCK_CAPTURE_AUTORELEASING = YES;
				CLANG_WARN_BOOL_CONVERSION = YES;
				CLANG_WARN_COMMA = YES;
				CLANG_WARN_CONSTANT_CONVERSION = YES;
				CLANG_WARN_DEPRECATED_OBJC_IMPLEMENTATIONS = YES;
				CLANG_WARN_DIRECT_OBJC_ISA_USAGE = YES_ERROR;
				CLANG_WARN_DOCUMENTATION_COMMENTS = YES;
				CLANG_WARN_EMPTY_BODY = YES;
				CLANG_WARN_ENUM_CONVERSION = YES;
				CLANG_WARN_INFINITE_RECURSION = YES;
				CLANG_WARN_INT_CONVERSION = YES;
				CLANG_WARN_NON_LITERAL_NULL_CONVERSION = YES;
				CLANG_WARN_OBJC_IMPLICIT_RETAIN_SELF = YES;
				CLANG_WARN_OBJC_LITERAL_CONVERSION = YES;
				CLANG_WARN_OBJC_ROOT_CLASS = YES_ERROR;
				CLANG_WARN_QUOTED_INCLUDE_IN_FRAMEWORK_HEADER = YES;
				CLANG_WARN_RANGE_LOOP_ANALYSIS = YES;
				CLANG_WARN_STRICT_PROTOTYPES = YES;
				CLANG_WARN_SUSPICIOUS_MOVE = YES;
				CLANG_WARN_UNGUARDED_AVAILABILITY = YES_AGGRESSIVE;
				CLANG_WARN_UNREACHABLE_CODE = YES;
				CLANG_WARN__DUPLICATE_METHOD_MATCH = YES;
				COPY_PHASE_STRIP = NO;
				DEBUG_INFORMATION_FORMAT = dwarf;
				ENABLE_STRICT_OBJC_MSGSEND = YES;
				ENABLE_TESTABILITY = YES;
				GCC_C_LANGUAGE_STANDARD = gnu11;
				GCC_DYNAMIC_NO_PIC = NO;
				GCC_NO_COMMON_BLOCKS = YES;
				GCC_OPTIMIZATION_LEVEL = 0;
				GCC_PREPROCESSOR_DEFINITIONS = (
					"DEBUG=1",
					"$(inherited)",
				);
				GCC_WARN_64_TO_32_BIT_CONVERSION = YES;
				GCC_WARN_ABOUT_RETURN_TYPE = YES_ERROR;
				GCC_WARN_UNDECLARED_SELECTOR = YES;
				GCC_WARN_UNINITIALIZED_AUTOS = YES_AGGRESSIVE;
				GCC_WARN_UNUSED_FUNCTION = YES;
				GCC_WARN_UNUSED_VARIABLE = YES;
				IPHONEOS_DEPLOYMENT_TARGET = 16.4;
				MTL_ENABLE_DEBUG_INFO = INCLUDE_SOURCE;
				MTL_FAST_MATH = YES;
				ONLY_ACTIVE_ARCH = YES;
				SDKROOT = iphoneos;
				SWIFT_ACTIVE_COMPILATION_CONDITIONS = DEBUG;
				SWIFT_OPTIMIZATION_LEVEL = "-Onone";
			};
			name = Debug;
		};
		91F1545C2A5CB9250059977A /* Release */ = {
			isa = XCBuildConfiguration;
			buildSettings = {
				ALWAYS_SEARCH_USER_PATHS = NO;
				CLANG_ANALYZER_NONNULL = YES;
				CLANG_ANALYZER_NUMBER_OBJECT_CONVERSION = YES_AGGRESSIVE;
				CLANG_CXX_LANGUAGE_STANDARD = "gnu++20";
				CLANG_ENABLE_MODULES = YES;
				CLANG_ENABLE_OBJC_ARC = YES;
				CLANG_ENABLE_OBJC_WEAK = YES;
				CLANG_WARN_BLOCK_CAPTURE_AUTORELEASING = YES;
				CLANG_WARN_BOOL_CONVERSION = YES;
				CLANG_WARN_COMMA = YES;
				CLANG_WARN_CONSTANT_CONVERSION = YES;
				CLANG_WARN_DEPRECATED_OBJC_IMPLEMENTATIONS = YES;
				CLANG_WARN_DIRECT_OBJC_ISA_USAGE = YES_ERROR;
				CLANG_WARN_DOCUMENTATION_COMMENTS = YES;
				CLANG_WARN_EMPTY_BODY = YES;
				CLANG_WARN_ENUM_CONVERSION = YES;
				CLANG_WARN_INFINITE_RECURSION = YES;
				CLANG_WARN_INT_CONVERSION = YES;
				CLANG_WARN_NON_LITERAL_NULL_CONVERSION = YES;
				CLANG_WARN_OBJC_IMPLICIT_RETAIN_SELF = YES;
				CLANG_WARN_OBJC_LITERAL_CONVERSION = YES;
				CLANG_WARN_OBJC_ROOT_CLASS = YES_ERROR;
				CLANG_WARN_QUOTED_INCLUDE_IN_FRAMEWORK_HEADER = YES;
				CLANG_WARN_RANGE_LOOP_ANALYSIS = YES;
				CLANG_WARN_STRICT_PROTOTYPES = YES;
				CLANG_WARN_SUSPICIOUS_MOVE = YES;
				CLANG_WARN_UNGUARDED_AVAILABILITY = YES_AGGRESSIVE;
				CLANG_WARN_UNREACHABLE_CODE = YES;
				CLANG_WARN__DUPLICATE_METHOD_MATCH = YES;
				COPY_PHASE_STRIP = NO;
				DEBUG_INFORMATION_FORMAT = "dwarf-with-dsym";
				ENABLE_NS_ASSERTIONS = NO;
				ENABLE_STRICT_OBJC_MSGSEND = YES;
				GCC_C_LANGUAGE_STANDARD = gnu11;
				GCC_NO_COMMON_BLOCKS = YES;
				GCC_WARN_64_TO_32_BIT_CONVERSION = YES;
				GCC_WARN_ABOUT_RETURN_TYPE = YES_ERROR;
				GCC_WARN_UNDECLARED_SELECTOR = YES;
				GCC_WARN_UNINITIALIZED_AUTOS = YES_AGGRESSIVE;
				GCC_WARN_UNUSED_FUNCTION = YES;
				GCC_WARN_UNUSED_VARIABLE = YES;
				IPHONEOS_DEPLOYMENT_TARGET = 16.4;
				MTL_ENABLE_DEBUG_INFO = NO;
				MTL_FAST_MATH = YES;
				SDKROOT = iphoneos;
				SWIFT_COMPILATION_MODE = wholemodule;
				SWIFT_OPTIMIZATION_LEVEL = "-O";
				VALIDATE_PRODUCT = YES;
			};
			name = Release;
		};
		91F1545E2A5CB9250059977A /* Debug */ = {
			isa = XCBuildConfiguration;
			buildSettings = {
				ASSETCATALOG_COMPILER_APPICON_NAME = AppIcon;
				ASSETCATALOG_COMPILER_GLOBAL_ACCENT_COLOR_NAME = AccentColor;
				CODE_SIGN_STYLE = Automatic;
				CURRENT_PROJECT_VERSION = 1;
				DEVELOPMENT_ASSET_PATHS = "\"ProServ Mobile/Preview Content\"";
				DEVELOPMENT_TEAM = L78Y96XMY7;
				ENABLE_PREVIEWS = YES;
				GENERATE_INFOPLIST_FILE = YES;
				INFOPLIST_KEY_UIApplicationSceneManifest_Generation = YES;
				INFOPLIST_KEY_UIApplicationSupportsIndirectInputEvents = YES;
				INFOPLIST_KEY_UILaunchScreen_Generation = YES;
				INFOPLIST_KEY_UISupportedInterfaceOrientations_iPad = "UIInterfaceOrientationPortrait UIInterfaceOrientationPortraitUpsideDown UIInterfaceOrientationLandscapeLeft UIInterfaceOrientationLandscapeRight";
				INFOPLIST_KEY_UISupportedInterfaceOrientations_iPhone = "UIInterfaceOrientationPortrait UIInterfaceOrientationLandscapeLeft UIInterfaceOrientationLandscapeRight";
				LD_RUNPATH_SEARCH_PATHS = (
					"$(inherited)",
					"@executable_path/Frameworks",
				);
				MARKETING_VERSION = 1.0;
				PRODUCT_BUNDLE_IDENTIFIER = "AJJohnson.ProServ-Mobile";
				PRODUCT_NAME = "$(TARGET_NAME)";
				SWIFT_EMIT_LOC_STRINGS = YES;
				SWIFT_VERSION = 5.0;
				TARGETED_DEVICE_FAMILY = "1,2";
			};
			name = Debug;
		};
		91F1545F2A5CB9250059977A /* Release */ = {
			isa = XCBuildConfiguration;
			buildSettings = {
				ASSETCATALOG_COMPILER_APPICON_NAME = AppIcon;
				ASSETCATALOG_COMPILER_GLOBAL_ACCENT_COLOR_NAME = AccentColor;
				CODE_SIGN_STYLE = Automatic;
				CURRENT_PROJECT_VERSION = 1;
				DEVELOPMENT_ASSET_PATHS = "\"ProServ Mobile/Preview Content\"";
				DEVELOPMENT_TEAM = L78Y96XMY7;
				ENABLE_PREVIEWS = YES;
				GENERATE_INFOPLIST_FILE = YES;
				INFOPLIST_KEY_UIApplicationSceneManifest_Generation = YES;
				INFOPLIST_KEY_UIApplicationSupportsIndirectInputEvents = YES;
				INFOPLIST_KEY_UILaunchScreen_Generation = YES;
				INFOPLIST_KEY_UISupportedInterfaceOrientations_iPad = "UIInterfaceOrientationPortrait UIInterfaceOrientationPortraitUpsideDown UIInterfaceOrientationLandscapeLeft UIInterfaceOrientationLandscapeRight";
				INFOPLIST_KEY_UISupportedInterfaceOrientations_iPhone = "UIInterfaceOrientationPortrait UIInterfaceOrientationLandscapeLeft UIInterfaceOrientationLandscapeRight";
				LD_RUNPATH_SEARCH_PATHS = (
					"$(inherited)",
					"@executable_path/Frameworks",
				);
				MARKETING_VERSION = 1.0;
				PRODUCT_BUNDLE_IDENTIFIER = "AJJohnson.ProServ-Mobile";
				PRODUCT_NAME = "$(TARGET_NAME)";
				SWIFT_EMIT_LOC_STRINGS = YES;
				SWIFT_VERSION = 5.0;
				TARGETED_DEVICE_FAMILY = "1,2";
			};
			name = Release;
		};
		91F154612A5CB9250059977A /* Debug */ = {
			isa = XCBuildConfiguration;
			buildSettings = {
				ALWAYS_EMBED_SWIFT_STANDARD_LIBRARIES = YES;
				BUNDLE_LOADER = "$(TEST_HOST)";
				CODE_SIGN_STYLE = Automatic;
				CURRENT_PROJECT_VERSION = 1;
				DEVELOPMENT_TEAM = L78Y96XMY7;
				GENERATE_INFOPLIST_FILE = YES;
				IPHONEOS_DEPLOYMENT_TARGET = 16.4;
				MARKETING_VERSION = 1.0;
				PRODUCT_BUNDLE_IDENTIFIER = "AJJohnson.ProServ-MobileTests";
				PRODUCT_NAME = "$(TARGET_NAME)";
				SWIFT_EMIT_LOC_STRINGS = NO;
				SWIFT_VERSION = 5.0;
				TARGETED_DEVICE_FAMILY = "1,2";
				TEST_HOST = "$(BUILT_PRODUCTS_DIR)/ProServ Mobile.app/$(BUNDLE_EXECUTABLE_FOLDER_PATH)/ProServ Mobile";
			};
			name = Debug;
		};
		91F154622A5CB9250059977A /* Release */ = {
			isa = XCBuildConfiguration;
			buildSettings = {
				ALWAYS_EMBED_SWIFT_STANDARD_LIBRARIES = YES;
				BUNDLE_LOADER = "$(TEST_HOST)";
				CODE_SIGN_STYLE = Automatic;
				CURRENT_PROJECT_VERSION = 1;
				DEVELOPMENT_TEAM = L78Y96XMY7;
				GENERATE_INFOPLIST_FILE = YES;
				IPHONEOS_DEPLOYMENT_TARGET = 16.4;
				MARKETING_VERSION = 1.0;
				PRODUCT_BUNDLE_IDENTIFIER = "AJJohnson.ProServ-MobileTests";
				PRODUCT_NAME = "$(TARGET_NAME)";
				SWIFT_EMIT_LOC_STRINGS = NO;
				SWIFT_VERSION = 5.0;
				TARGETED_DEVICE_FAMILY = "1,2";
				TEST_HOST = "$(BUILT_PRODUCTS_DIR)/ProServ Mobile.app/$(BUNDLE_EXECUTABLE_FOLDER_PATH)/ProServ Mobile";
			};
			name = Release;
		};
		91F154642A5CB9250059977A /* Debug */ = {
			isa = XCBuildConfiguration;
			buildSettings = {
				ALWAYS_EMBED_SWIFT_STANDARD_LIBRARIES = YES;
				CODE_SIGN_STYLE = Automatic;
				CURRENT_PROJECT_VERSION = 1;
				DEVELOPMENT_TEAM = L78Y96XMY7;
				GENERATE_INFOPLIST_FILE = YES;
				MARKETING_VERSION = 1.0;
				PRODUCT_BUNDLE_IDENTIFIER = "AJJohnson.ProServ-MobileUITests";
				PRODUCT_NAME = "$(TARGET_NAME)";
				SWIFT_EMIT_LOC_STRINGS = NO;
				SWIFT_VERSION = 5.0;
				TARGETED_DEVICE_FAMILY = "1,2";
				TEST_TARGET_NAME = "ProServ Mobile";
			};
			name = Debug;
		};
		91F154652A5CB9250059977A /* Release */ = {
			isa = XCBuildConfiguration;
			buildSettings = {
				ALWAYS_EMBED_SWIFT_STANDARD_LIBRARIES = YES;
				CODE_SIGN_STYLE = Automatic;
				CURRENT_PROJECT_VERSION = 1;
				DEVELOPMENT_TEAM = L78Y96XMY7;
				GENERATE_INFOPLIST_FILE = YES;
				MARKETING_VERSION = 1.0;
				PRODUCT_BUNDLE_IDENTIFIER = "AJJohnson.ProServ-MobileUITests";
				PRODUCT_NAME = "$(TARGET_NAME)";
				SWIFT_EMIT_LOC_STRINGS = NO;
				SWIFT_VERSION = 5.0;
				TARGETED_DEVICE_FAMILY = "1,2";
				TEST_TARGET_NAME = "ProServ Mobile";
			};
			name = Release;
		};
/* End XCBuildConfiguration section */

/* Begin XCConfigurationList section */
		91F154342A5CB9240059977A /* Build configuration list for PBXProject "ProServ Mobile" */ = {
			isa = XCConfigurationList;
			buildConfigurations = (
				91F1545B2A5CB9250059977A /* Debug */,
				91F1545C2A5CB9250059977A /* Release */,
			);
			defaultConfigurationIsVisible = 0;
			defaultConfigurationName = Release;
		};
		91F1545D2A5CB9250059977A /* Build configuration list for PBXNativeTarget "ProServ Mobile" */ = {
			isa = XCConfigurationList;
			buildConfigurations = (
				91F1545E2A5CB9250059977A /* Debug */,
				91F1545F2A5CB9250059977A /* Release */,
			);
			defaultConfigurationIsVisible = 0;
			defaultConfigurationName = Release;
		};
		91F154602A5CB9250059977A /* Build configuration list for PBXNativeTarget "ProServ MobileTests" */ = {
			isa = XCConfigurationList;
			buildConfigurations = (
				91F154612A5CB9250059977A /* Debug */,
				91F154622A5CB9250059977A /* Release */,
			);
			defaultConfigurationIsVisible = 0;
			defaultConfigurationName = Release;
		};
		91F154632A5CB9250059977A /* Build configuration list for PBXNativeTarget "ProServ MobileUITests" */ = {
			isa = XCConfigurationList;
			buildConfigurations = (
				91F154642A5CB9250059977A /* Debug */,
				91F154652A5CB9250059977A /* Release */,
			);
			defaultConfigurationIsVisible = 0;
			defaultConfigurationName = Release;
		};
/* End XCConfigurationList section */
	};
	rootObject = 91F154312A5CB9240059977A /* Project object */;
}
