// !$*UTF8*$!
{
	archiveVersion = 1;
	classes = {
	};
	objectVersion = 60;
	objects = {

/* Begin PBXBuildFile section */
		91570D722A731E1A0035BEF1 /* ServiceOrchestrator.swift in Sources */ = {isa = PBXBuildFile; fileRef = 91570D712A731E1A0035BEF1 /* ServiceOrchestrator.swift */; };
		91570D742A73286F0035BEF1 /* DataState.swift in Sources */ = {isa = PBXBuildFile; fileRef = 91570D732A73286F0035BEF1 /* DataState.swift */; };
		91570D762A7330570035BEF1 /* WorkoutService.swift in Sources */ = {isa = PBXBuildFile; fileRef = 91570D752A7330570035BEF1 /* WorkoutService.swift */; };
		91570D792A7331750035BEF1 /* WorkoutJSON.swift in Sources */ = {isa = PBXBuildFile; fileRef = 91570D782A7331750035BEF1 /* WorkoutJSON.swift */; };
		91570D7B2A748C9A0035BEF1 /* AssignedWorkout.swift in Sources */ = {isa = PBXBuildFile; fileRef = 91570D7A2A748C9A0035BEF1 /* AssignedWorkout.swift */; };
		91570D7E2A774AD90035BEF1 /* Response Wrapper.swift in Sources */ = {isa = PBXBuildFile; fileRef = 91570D7D2A774AD90035BEF1 /* Response Wrapper.swift */; };
		91570D852A79BE000035BEF1 /* ViewWorkout.swift in Sources */ = {isa = PBXBuildFile; fileRef = 91570D842A79BE000035BEF1 /* ViewWorkout.swift */; };
		91570D872A79BF290035BEF1 /* WorkoutCalendar.swift in Sources */ = {isa = PBXBuildFile; fileRef = 91570D862A79BF290035BEF1 /* WorkoutCalendar.swift */; };
		91570D892A79BF3C0035BEF1 /* WorkoutCalendarViewModel.swift in Sources */ = {isa = PBXBuildFile; fileRef = 91570D882A79BF3C0035BEF1 /* WorkoutCalendarViewModel.swift */; };
		91570D8B2A7C553B0035BEF1 /* WorkoutCalendar Test.swift in Sources */ = {isa = PBXBuildFile; fileRef = 91570D8A2A7C553B0035BEF1 /* WorkoutCalendar Test.swift */; };
		916489582A806DA7008D3DD2 /* SwiftUISnappingScrollView in Frameworks */ = {isa = PBXBuildFile; productRef = 916489572A806DA7008D3DD2 /* SwiftUISnappingScrollView */; };
		9174210A2A67779F003C59EE /* UserInformation.swift in Sources */ = {isa = PBXBuildFile; fileRef = 917421092A67779F003C59EE /* UserInformation.swift */; };
		91876C312A6A1A9100891047 /* LoginViewModel.swift in Sources */ = {isa = PBXBuildFile; fileRef = 91876C302A6A1A9100891047 /* LoginViewModel.swift */; };
		91876C332A6A1B7400891047 /* LoginView.swift in Sources */ = {isa = PBXBuildFile; fileRef = 91876C322A6A1B7400891047 /* LoginView.swift */; };
		91876C372A6A1E0100891047 /* KeychainItemAccessibility.swift in Sources */ = {isa = PBXBuildFile; fileRef = 91876C352A6A1E0100891047 /* KeychainItemAccessibility.swift */; };
		91876C382A6A1E0100891047 /* KeychainWrapper.swift in Sources */ = {isa = PBXBuildFile; fileRef = 91876C362A6A1E0100891047 /* KeychainWrapper.swift */; };
		9192D4422A807EF200B52759 /* Calendar-Carousel.swift in Sources */ = {isa = PBXBuildFile; fileRef = 9192D4412A807EF200B52759 /* Calendar-Carousel.swift */; };
		9192D4442A81107B00B52759 /* WorkoutBlock.swift in Sources */ = {isa = PBXBuildFile; fileRef = 9192D4432A81107B00B52759 /* WorkoutBlock.swift */; };
		9192D4462A81110D00B52759 /* Parameter.swift in Sources */ = {isa = PBXBuildFile; fileRef = 9192D4452A81110D00B52759 /* Parameter.swift */; };
		91E462232A82786000B3A04C /* Workout.swift in Sources */ = {isa = PBXBuildFile; fileRef = 91E462222A82786000B3A04C /* Workout.swift */; };
		91E462252A827A5A00B3A04C /* DateFormatter.swift in Sources */ = {isa = PBXBuildFile; fileRef = 91E462242A827A5A00B3A04C /* DateFormatter.swift */; };
		91E462282A82C22000B3A04C /* ServerURL.swift in Sources */ = {isa = PBXBuildFile; fileRef = 91E462272A82C22000B3A04C /* ServerURL.swift */; };
		91F1543D2A5CB9240059977A /* ProServ_MobileApp.swift in Sources */ = {isa = PBXBuildFile; fileRef = 91F1543C2A5CB9240059977A /* ProServ_MobileApp.swift */; };
		91F1543F2A5CB9240059977A /* ContentView.swift in Sources */ = {isa = PBXBuildFile; fileRef = 91F1543E2A5CB9240059977A /* ContentView.swift */; };
		91F154412A5CB9250059977A /* Assets.xcassets in Resources */ = {isa = PBXBuildFile; fileRef = 91F154402A5CB9250059977A /* Assets.xcassets */; };
		91F154442A5CB9250059977A /* Preview Assets.xcassets in Resources */ = {isa = PBXBuildFile; fileRef = 91F154432A5CB9250059977A /* Preview Assets.xcassets */; };
		91F1544E2A5CB9250059977A /* ProServ_MobileTests.swift in Sources */ = {isa = PBXBuildFile; fileRef = 91F1544D2A5CB9250059977A /* ProServ_MobileTests.swift */; };
		91F154582A5CB9250059977A /* ProServ_MobileUITests.swift in Sources */ = {isa = PBXBuildFile; fileRef = 91F154572A5CB9250059977A /* ProServ_MobileUITests.swift */; };
		91F1545A2A5CB9250059977A /* ProServ_MobileUITestsLaunchTests.swift in Sources */ = {isa = PBXBuildFile; fileRef = 91F154592A5CB9250059977A /* ProServ_MobileUITestsLaunchTests.swift */; };
		91F1546A2A5CC03E0059977A /* HomeView.swift in Sources */ = {isa = PBXBuildFile; fileRef = 91F154692A5CC03E0059977A /* HomeView.swift */; };
		91F1546E2A5CC07D0059977A /* HomeViewModel.swift in Sources */ = {isa = PBXBuildFile; fileRef = 91F1546D2A5CC07D0059977A /* HomeViewModel.swift */; };
		91F154712A5CC36B0059977A /* ColorExtensions.swift in Sources */ = {isa = PBXBuildFile; fileRef = 91F154702A5CC36B0059977A /* ColorExtensions.swift */; };
		91F154732A5D767E0059977A /* CardView.swift in Sources */ = {isa = PBXBuildFile; fileRef = 91F154722A5D767E0059977A /* CardView.swift */; };
		91F154782A5D822F0059977A /* WeekView.swift in Sources */ = {isa = PBXBuildFile; fileRef = 91F154772A5D822F0059977A /* WeekView.swift */; };
		91F1547A2A5D9A4B0059977A /* CoachContactView.swift in Sources */ = {isa = PBXBuildFile; fileRef = 91F154792A5D9A4B0059977A /* CoachContactView.swift */; };
		91FD02F42A6DF37A001EF9AA /* ActivityIndicator.swift in Sources */ = {isa = PBXBuildFile; fileRef = 91FD02F32A6DF37A001EF9AA /* ActivityIndicator.swift */; };
		91FD02F72A6E0415001EF9AA /* UserService.swift in Sources */ = {isa = PBXBuildFile; fileRef = 91FD02F62A6E0415001EF9AA /* UserService.swift */; };
		91FD02F92A6E0978001EF9AA /* TeamService.swift in Sources */ = {isa = PBXBuildFile; fileRef = 91FD02F82A6E0978001EF9AA /* TeamService.swift */; };
		91FD02FC2A6E09F6001EF9AA /* Team.swift in Sources */ = {isa = PBXBuildFile; fileRef = 91FD02FB2A6E09F6001EF9AA /* Team.swift */; };
/* End PBXBuildFile section */

/* Begin PBXContainerItemProxy section */
		91F1544A2A5CB9250059977A /* PBXContainerItemProxy */ = {
			isa = PBXContainerItemProxy;
			containerPortal = 91F154312A5CB9240059977A /* Project object */;
			proxyType = 1;
			remoteGlobalIDString = 91F154382A5CB9240059977A;
			remoteInfo = "ProServ Mobile";
		};
		91F154542A5CB9250059977A /* PBXContainerItemProxy */ = {
			isa = PBXContainerItemProxy;
			containerPortal = 91F154312A5CB9240059977A /* Project object */;
			proxyType = 1;
			remoteGlobalIDString = 91F154382A5CB9240059977A;
			remoteInfo = "ProServ Mobile";
		};
/* End PBXContainerItemProxy section */

/* Begin PBXFileReference section */
		91570D712A731E1A0035BEF1 /* ServiceOrchestrator.swift */ = {isa = PBXFileReference; lastKnownFileType = sourcecode.swift; path = ServiceOrchestrator.swift; sourceTree = "<group>"; };
		91570D732A73286F0035BEF1 /* DataState.swift */ = {isa = PBXFileReference; lastKnownFileType = sourcecode.swift; path = DataState.swift; sourceTree = "<group>"; };
		91570D752A7330570035BEF1 /* WorkoutService.swift */ = {isa = PBXFileReference; lastKnownFileType = sourcecode.swift; path = WorkoutService.swift; sourceTree = "<group>"; };
		91570D782A7331750035BEF1 /* WorkoutJSON.swift */ = {isa = PBXFileReference; lastKnownFileType = sourcecode.swift; path = WorkoutJSON.swift; sourceTree = "<group>"; };
		91570D7A2A748C9A0035BEF1 /* AssignedWorkout.swift */ = {isa = PBXFileReference; lastKnownFileType = sourcecode.swift; path = AssignedWorkout.swift; sourceTree = "<group>"; };
		91570D7D2A774AD90035BEF1 /* Response Wrapper.swift */ = {isa = PBXFileReference; lastKnownFileType = sourcecode.swift; path = "Response Wrapper.swift"; sourceTree = "<group>"; };
		91570D842A79BE000035BEF1 /* ViewWorkout.swift */ = {isa = PBXFileReference; lastKnownFileType = sourcecode.swift; path = ViewWorkout.swift; sourceTree = "<group>"; };
		91570D862A79BF290035BEF1 /* WorkoutCalendar.swift */ = {isa = PBXFileReference; lastKnownFileType = sourcecode.swift; path = WorkoutCalendar.swift; sourceTree = "<group>"; };
		91570D882A79BF3C0035BEF1 /* WorkoutCalendarViewModel.swift */ = {isa = PBXFileReference; lastKnownFileType = sourcecode.swift; path = WorkoutCalendarViewModel.swift; sourceTree = "<group>"; };
		91570D8A2A7C553B0035BEF1 /* WorkoutCalendar Test.swift */ = {isa = PBXFileReference; lastKnownFileType = sourcecode.swift; path = "WorkoutCalendar Test.swift"; sourceTree = "<group>"; };
		917421092A67779F003C59EE /* UserInformation.swift */ = {isa = PBXFileReference; lastKnownFileType = sourcecode.swift; path = UserInformation.swift; sourceTree = "<group>"; };
		91876C302A6A1A9100891047 /* LoginViewModel.swift */ = {isa = PBXFileReference; lastKnownFileType = sourcecode.swift; path = LoginViewModel.swift; sourceTree = "<group>"; };
		91876C322A6A1B7400891047 /* LoginView.swift */ = {isa = PBXFileReference; lastKnownFileType = sourcecode.swift; path = LoginView.swift; sourceTree = "<group>"; };
		91876C352A6A1E0100891047 /* KeychainItemAccessibility.swift */ = {isa = PBXFileReference; fileEncoding = 4; lastKnownFileType = sourcecode.swift; name = KeychainItemAccessibility.swift; path = "../../../../../../Downloads/SwiftKeychainWrapper-develop/SwiftKeychainWrapper/KeychainItemAccessibility.swift"; sourceTree = "<group>"; };
		91876C362A6A1E0100891047 /* KeychainWrapper.swift */ = {isa = PBXFileReference; fileEncoding = 4; lastKnownFileType = sourcecode.swift; name = KeychainWrapper.swift; path = "../../../../../../Downloads/SwiftKeychainWrapper-develop/SwiftKeychainWrapper/KeychainWrapper.swift"; sourceTree = "<group>"; };
		9192D4412A807EF200B52759 /* Calendar-Carousel.swift */ = {isa = PBXFileReference; lastKnownFileType = sourcecode.swift; path = "Calendar-Carousel.swift"; sourceTree = "<group>"; };
		9192D4432A81107B00B52759 /* WorkoutBlock.swift */ = {isa = PBXFileReference; lastKnownFileType = sourcecode.swift; path = WorkoutBlock.swift; sourceTree = "<group>"; };
		9192D4452A81110D00B52759 /* Parameter.swift */ = {isa = PBXFileReference; lastKnownFileType = sourcecode.swift; path = Parameter.swift; sourceTree = "<group>"; };
		91E462222A82786000B3A04C /* Workout.swift */ = {isa = PBXFileReference; lastKnownFileType = sourcecode.swift; path = Workout.swift; sourceTree = "<group>"; };
		91E462242A827A5A00B3A04C /* DateFormatter.swift */ = {isa = PBXFileReference; lastKnownFileType = sourcecode.swift; path = DateFormatter.swift; sourceTree = "<group>"; };
		91E462272A82C22000B3A04C /* ServerURL.swift */ = {isa = PBXFileReference; lastKnownFileType = sourcecode.swift; path = ServerURL.swift; sourceTree = "<group>"; };
		91F154392A5CB9240059977A /* ProServ Mobile.app */ = {isa = PBXFileReference; explicitFileType = wrapper.application; includeInIndex = 0; path = "ProServ Mobile.app"; sourceTree = BUILT_PRODUCTS_DIR; };
		91F1543C2A5CB9240059977A /* ProServ_MobileApp.swift */ = {isa = PBXFileReference; lastKnownFileType = sourcecode.swift; path = ProServ_MobileApp.swift; sourceTree = "<group>"; };
		91F1543E2A5CB9240059977A /* ContentView.swift */ = {isa = PBXFileReference; lastKnownFileType = sourcecode.swift; path = ContentView.swift; sourceTree = "<group>"; };
		91F154402A5CB9250059977A /* Assets.xcassets */ = {isa = PBXFileReference; lastKnownFileType = folder.assetcatalog; path = Assets.xcassets; sourceTree = "<group>"; };
		91F154432A5CB9250059977A /* Preview Assets.xcassets */ = {isa = PBXFileReference; lastKnownFileType = folder.assetcatalog; path = "Preview Assets.xcassets"; sourceTree = "<group>"; };
		91F154492A5CB9250059977A /* ProServ MobileTests.xctest */ = {isa = PBXFileReference; explicitFileType = wrapper.cfbundle; includeInIndex = 0; path = "ProServ MobileTests.xctest"; sourceTree = BUILT_PRODUCTS_DIR; };
		91F1544D2A5CB9250059977A /* ProServ_MobileTests.swift */ = {isa = PBXFileReference; lastKnownFileType = sourcecode.swift; path = ProServ_MobileTests.swift; sourceTree = "<group>"; };
		91F154532A5CB9250059977A /* ProServ MobileUITests.xctest */ = {isa = PBXFileReference; explicitFileType = wrapper.cfbundle; includeInIndex = 0; path = "ProServ MobileUITests.xctest"; sourceTree = BUILT_PRODUCTS_DIR; };
		91F154572A5CB9250059977A /* ProServ_MobileUITests.swift */ = {isa = PBXFileReference; lastKnownFileType = sourcecode.swift; path = ProServ_MobileUITests.swift; sourceTree = "<group>"; };
		91F154592A5CB9250059977A /* ProServ_MobileUITestsLaunchTests.swift */ = {isa = PBXFileReference; lastKnownFileType = sourcecode.swift; path = ProServ_MobileUITestsLaunchTests.swift; sourceTree = "<group>"; };
		91F154692A5CC03E0059977A /* HomeView.swift */ = {isa = PBXFileReference; lastKnownFileType = sourcecode.swift; path = HomeView.swift; sourceTree = "<group>"; };
		91F1546D2A5CC07D0059977A /* HomeViewModel.swift */ = {isa = PBXFileReference; lastKnownFileType = sourcecode.swift; path = HomeViewModel.swift; sourceTree = "<group>"; };
		91F154702A5CC36B0059977A /* ColorExtensions.swift */ = {isa = PBXFileReference; lastKnownFileType = sourcecode.swift; path = ColorExtensions.swift; sourceTree = "<group>"; };
		91F154722A5D767E0059977A /* CardView.swift */ = {isa = PBXFileReference; lastKnownFileType = sourcecode.swift; path = CardView.swift; sourceTree = "<group>"; };
		91F154772A5D822F0059977A /* WeekView.swift */ = {isa = PBXFileReference; lastKnownFileType = sourcecode.swift; path = WeekView.swift; sourceTree = "<group>"; };
		91F154792A5D9A4B0059977A /* CoachContactView.swift */ = {isa = PBXFileReference; lastKnownFileType = sourcecode.swift; path = CoachContactView.swift; sourceTree = "<group>"; };
		91FD02F32A6DF37A001EF9AA /* ActivityIndicator.swift */ = {isa = PBXFileReference; lastKnownFileType = sourcecode.swift; path = ActivityIndicator.swift; sourceTree = "<group>"; };
		91FD02F62A6E0415001EF9AA /* UserService.swift */ = {isa = PBXFileReference; lastKnownFileType = sourcecode.swift; path = UserService.swift; sourceTree = "<group>"; };
		91FD02F82A6E0978001EF9AA /* TeamService.swift */ = {isa = PBXFileReference; lastKnownFileType = sourcecode.swift; path = TeamService.swift; sourceTree = "<group>"; };
		91FD02FB2A6E09F6001EF9AA /* Team.swift */ = {isa = PBXFileReference; lastKnownFileType = sourcecode.swift; path = Team.swift; sourceTree = "<group>"; };
/* End PBXFileReference section */

/* Begin PBXFrameworksBuildPhase section */
		91F154362A5CB9240059977A /* Frameworks */ = {
			isa = PBXFrameworksBuildPhase;
			buildActionMask = 2147483647;
			files = (
				916489582A806DA7008D3DD2 /* SwiftUISnappingScrollView in Frameworks */,
			);
			runOnlyForDeploymentPostprocessing = 0;
		};
		91F154462A5CB9250059977A /* Frameworks */ = {
			isa = PBXFrameworksBuildPhase;
			buildActionMask = 2147483647;
			files = (
			);
			runOnlyForDeploymentPostprocessing = 0;
		};
		91F154502A5CB9250059977A /* Frameworks */ = {
			isa = PBXFrameworksBuildPhase;
			buildActionMask = 2147483647;
			files = (
			);
			runOnlyForDeploymentPostprocessing = 0;
		};
/* End PBXFrameworksBuildPhase section */

/* Begin PBXGroup section */
		91570D772A7330740035BEF1 /* Workouts */ = {
			isa = PBXGroup;
			children = (
				91570D782A7331750035BEF1 /* WorkoutJSON.swift */,
				91570D7A2A748C9A0035BEF1 /* AssignedWorkout.swift */,
				9192D4432A81107B00B52759 /* WorkoutBlock.swift */,
				9192D4452A81110D00B52759 /* Parameter.swift */,
			);
			path = Workouts;
			sourceTree = "<group>";
		};
		91570D7C2A774AC40035BEF1 /* Utilities */ = {
			isa = PBXGroup;
			children = (
				91570D7D2A774AD90035BEF1 /* Response Wrapper.swift */,
				9192D4412A807EF200B52759 /* Calendar-Carousel.swift */,
			);
			path = Utilities;
			sourceTree = "<group>";
		};
		91570D812A79BDDA0035BEF1 /* Workouts */ = {
			isa = PBXGroup;
			children = (
				91570D842A79BE000035BEF1 /* ViewWorkout.swift */,
				91570D862A79BF290035BEF1 /* WorkoutCalendar.swift */,
				91570D8A2A7C553B0035BEF1 /* WorkoutCalendar Test.swift */,
			);
			path = Workouts;
			sourceTree = "<group>";
		};
		91876C2F2A6A1A7800891047 /* Login */ = {
			isa = PBXGroup;
			children = (
				91876C322A6A1B7400891047 /* LoginView.swift */,
			);
			path = Login;
			sourceTree = "<group>";
		};
		91876C342A6A1DC900891047 /* Custom Packages */ = {
			isa = PBXGroup;
			children = (
				91876C352A6A1E0100891047 /* KeychainItemAccessibility.swift */,
				91876C362A6A1E0100891047 /* KeychainWrapper.swift */,
			);
			path = "Custom Packages";
			sourceTree = "<group>";
		};
		91E462212A82784700B3A04C /* Workouts */ = {
			isa = PBXGroup;
			children = (
				91E462222A82786000B3A04C /* Workout.swift */,
			);
			path = Workouts;
			sourceTree = "<group>";
		};
		91E462262A82C20F00B3A04C /* Util */ = {
			isa = PBXGroup;
			children = (
				91F154702A5CC36B0059977A /* ColorExtensions.swift */,
				91570D732A73286F0035BEF1 /* DataState.swift */,
				91E462242A827A5A00B3A04C /* DateFormatter.swift */,
				91E462272A82C22000B3A04C /* ServerURL.swift */,
			);
			path = Util;
			sourceTree = "<group>";
		};
		91F154302A5CB9240059977A = {
			isa = PBXGroup;
			children = (
				91F1543B2A5CB9240059977A /* ProServ Mobile */,
				91F1544C2A5CB9250059977A /* ProServ MobileTests */,
				91F154562A5CB9250059977A /* ProServ MobileUITests */,
				91F1543A2A5CB9240059977A /* Products */,
			);
			sourceTree = "<group>";
		};
		91F1543A2A5CB9240059977A /* Products */ = {
			isa = PBXGroup;
			children = (
				91F154392A5CB9240059977A /* ProServ Mobile.app */,
				91F154492A5CB9250059977A /* ProServ MobileTests.xctest */,
				91F154532A5CB9250059977A /* ProServ MobileUITests.xctest */,
			);
			name = Products;
			sourceTree = "<group>";
		};
		91F1543B2A5CB9240059977A /* ProServ Mobile */ = {
			isa = PBXGroup;
			children = (
				91570D7C2A774AC40035BEF1 /* Utilities */,
				91FD02F52A6E0401001EF9AA /* Services */,
				91876C342A6A1DC900891047 /* Custom Packages */,
				91F1546F2A5CC35B0059977A /* Data */,
				91F154682A5CC00D0059977A /* ViewModels */,
				91F154672A5CBFFB0059977A /* Models */,
				91F154662A5CBFF30059977A /* Views */,
				91F1543C2A5CB9240059977A /* ProServ_MobileApp.swift */,
				91F1543E2A5CB9240059977A /* ContentView.swift */,
				91F154402A5CB9250059977A /* Assets.xcassets */,
				91F154422A5CB9250059977A /* Preview Content */,
			);
			path = "ProServ Mobile";
			sourceTree = "<group>";
		};
		91F154422A5CB9250059977A /* Preview Content */ = {
			isa = PBXGroup;
			children = (
				91F154432A5CB9250059977A /* Preview Assets.xcassets */,
			);
			path = "Preview Content";
			sourceTree = "<group>";
		};
		91F1544C2A5CB9250059977A /* ProServ MobileTests */ = {
			isa = PBXGroup;
			children = (
				91F1544D2A5CB9250059977A /* ProServ_MobileTests.swift */,
			);
			path = "ProServ MobileTests";
			sourceTree = "<group>";
		};
		91F154562A5CB9250059977A /* ProServ MobileUITests */ = {
			isa = PBXGroup;
			children = (
				91F154572A5CB9250059977A /* ProServ_MobileUITests.swift */,
				91F154592A5CB9250059977A /* ProServ_MobileUITestsLaunchTests.swift */,
			);
			path = "ProServ MobileUITests";
			sourceTree = "<group>";
		};
		91F154662A5CBFF30059977A /* Views */ = {
			isa = PBXGroup;
			children = (
				91570D812A79BDDA0035BEF1 /* Workouts */,
				91FD02F22A6DF362001EF9AA /* Other */,
				91876C2F2A6A1A7800891047 /* Login */,
				91F154762A5D82170059977A /* Dashboard */,
				91F154722A5D767E0059977A /* CardView.swift */,
			);
			path = Views;
			sourceTree = "<group>";
		};
		91F154672A5CBFFB0059977A /* Models */ = {
			isa = PBXGroup;
			children = (
				91570D772A7330740035BEF1 /* Workouts */,
				91FD02FA2A6E09EB001EF9AA /* Team */,
				917421092A67779F003C59EE /* UserInformation.swift */,
			);
			path = Models;
			sourceTree = "<group>";
		};
		91F154682A5CC00D0059977A /* ViewModels */ = {
			isa = PBXGroup;
			children = (
				91F1546D2A5CC07D0059977A /* HomeViewModel.swift */,
				91876C302A6A1A9100891047 /* LoginViewModel.swift */,
				91570D882A79BF3C0035BEF1 /* WorkoutCalendarViewModel.swift */,
			);
			path = ViewModels;
			sourceTree = "<group>";
		};
		91F1546F2A5CC35B0059977A /* Data */ = {
			isa = PBXGroup;
			children = (
				91E462262A82C20F00B3A04C /* Util */,
				91E462212A82784700B3A04C /* Workouts */,
			);
			path = Data;
			sourceTree = "<group>";
		};
		91F154762A5D82170059977A /* Dashboard */ = {
			isa = PBXGroup;
			children = (
				91F154692A5CC03E0059977A /* HomeView.swift */,
				91F154772A5D822F0059977A /* WeekView.swift */,
				91F154792A5D9A4B0059977A /* CoachContactView.swift */,
			);
			path = Dashboard;
			sourceTree = "<group>";
		};
		91FD02F22A6DF362001EF9AA /* Other */ = {
			isa = PBXGroup;
			children = (
				91FD02F32A6DF37A001EF9AA /* ActivityIndicator.swift */,
			);
			path = Other;
			sourceTree = "<group>";
		};
		91FD02F52A6E0401001EF9AA /* Services */ = {
			isa = PBXGroup;
			children = (
				91FD02F62A6E0415001EF9AA /* UserService.swift */,
				91FD02F82A6E0978001EF9AA /* TeamService.swift */,
				91570D712A731E1A0035BEF1 /* ServiceOrchestrator.swift */,
				91570D752A7330570035BEF1 /* WorkoutService.swift */,
			);
			path = Services;
			sourceTree = "<group>";
		};
		91FD02FA2A6E09EB001EF9AA /* Team */ = {
			isa = PBXGroup;
			children = (
				91FD02FB2A6E09F6001EF9AA /* Team.swift */,
			);
			path = Team;
			sourceTree = "<group>";
		};
/* End PBXGroup section */

/* Begin PBXNativeTarget section */
		91F154382A5CB9240059977A /* ProServ Mobile */ = {
			isa = PBXNativeTarget;
			buildConfigurationList = 91F1545D2A5CB9250059977A /* Build configuration list for PBXNativeTarget "ProServ Mobile" */;
			buildPhases = (
				91F154352A5CB9240059977A /* Sources */,
				91F154362A5CB9240059977A /* Frameworks */,
				91F154372A5CB9240059977A /* Resources */,
			);
			buildRules = (
			);
			dependencies = (
			);
			name = "ProServ Mobile";
			packageProductDependencies = (
				916489572A806DA7008D3DD2 /* SwiftUISnappingScrollView */,
			);
			productName = "ProServ Mobile";
			productReference = 91F154392A5CB9240059977A /* ProServ Mobile.app */;
			productType = "com.apple.product-type.application";
		};
		91F154482A5CB9250059977A /* ProServ MobileTests */ = {
			isa = PBXNativeTarget;
			buildConfigurationList = 91F154602A5CB9250059977A /* Build configuration list for PBXNativeTarget "ProServ MobileTests" */;
			buildPhases = (
				91F154452A5CB9250059977A /* Sources */,
				91F154462A5CB9250059977A /* Frameworks */,
				91F154472A5CB9250059977A /* Resources */,
			);
			buildRules = (
			);
			dependencies = (
				91F1544B2A5CB9250059977A /* PBXTargetDependency */,
			);
			name = "ProServ MobileTests";
			productName = "ProServ MobileTests";
			productReference = 91F154492A5CB9250059977A /* ProServ MobileTests.xctest */;
			productType = "com.apple.product-type.bundle.unit-test";
		};
		91F154522A5CB9250059977A /* ProServ MobileUITests */ = {
			isa = PBXNativeTarget;
			buildConfigurationList = 91F154632A5CB9250059977A /* Build configuration list for PBXNativeTarget "ProServ MobileUITests" */;
			buildPhases = (
				91F1544F2A5CB9250059977A /* Sources */,
				91F154502A5CB9250059977A /* Frameworks */,
				91F154512A5CB9250059977A /* Resources */,
			);
			buildRules = (
			);
			dependencies = (
				91F154552A5CB9250059977A /* PBXTargetDependency */,
			);
			name = "ProServ MobileUITests";
			productName = "ProServ MobileUITests";
			productReference = 91F154532A5CB9250059977A /* ProServ MobileUITests.xctest */;
			productType = "com.apple.product-type.bundle.ui-testing";
		};
/* End PBXNativeTarget section */

/* Begin PBXProject section */
		91F154312A5CB9240059977A /* Project object */ = {
			isa = PBXProject;
			attributes = {
				BuildIndependentTargetsInParallel = 1;
				LastSwiftUpdateCheck = 1430;
				LastUpgradeCheck = 1430;
				TargetAttributes = {
					91F154382A5CB9240059977A = {
						CreatedOnToolsVersion = 14.3.1;
					};
					91F154482A5CB9250059977A = {
						CreatedOnToolsVersion = 14.3.1;
						TestTargetID = 91F154382A5CB9240059977A;
					};
					91F154522A5CB9250059977A = {
						CreatedOnToolsVersion = 14.3.1;
						TestTargetID = 91F154382A5CB9240059977A;
					};
				};
			};
			buildConfigurationList = 91F154342A5CB9240059977A /* Build configuration list for PBXProject "ProServ Mobile" */;
			compatibilityVersion = "Xcode 14.0";
			developmentRegion = en;
			hasScannedForEncodings = 0;
			knownRegions = (
				en,
				Base,
			);
			mainGroup = 91F154302A5CB9240059977A;
			packageReferences = (
				916489562A806DA7008D3DD2 /* XCLocalSwiftPackageReference "../../../../Downloads/SwiftUISnappingScrollView-main" */,
			);
			productRefGroup = 91F1543A2A5CB9240059977A /* Products */;
			projectDirPath = "";
			projectRoot = "";
			targets = (
				91F154382A5CB9240059977A /* ProServ Mobile */,
				91F154482A5CB9250059977A /* ProServ MobileTests */,
				91F154522A5CB9250059977A /* ProServ MobileUITests */,
			);
		};
/* End PBXProject section */

/* Begin PBXResourcesBuildPhase section */
		91F154372A5CB9240059977A /* Resources */ = {
			isa = PBXResourcesBuildPhase;
			buildActionMask = 2147483647;
			files = (
				91F154442A5CB9250059977A /* Preview Assets.xcassets in Resources */,
				91F154412A5CB9250059977A /* Assets.xcassets in Resources */,
			);
			runOnlyForDeploymentPostprocessing = 0;
		};
		91F154472A5CB9250059977A /* Resources */ = {
			isa = PBXResourcesBuildPhase;
			buildActionMask = 2147483647;
			files = (
			);
			runOnlyForDeploymentPostprocessing = 0;
		};
		91F154512A5CB9250059977A /* Resources */ = {
			isa = PBXResourcesBuildPhase;
			buildActionMask = 2147483647;
			files = (
			);
			runOnlyForDeploymentPostprocessing = 0;
		};
/* End PBXResourcesBuildPhase section */

/* Begin PBXSourcesBuildPhase section */
		91F154352A5CB9240059977A /* Sources */ = {
			isa = PBXSourcesBuildPhase;
			buildActionMask = 2147483647;
			files = (
				91E462252A827A5A00B3A04C /* DateFormatter.swift in Sources */,
				91F1546A2A5CC03E0059977A /* HomeView.swift in Sources */,
				91570D892A79BF3C0035BEF1 /* WorkoutCalendarViewModel.swift in Sources */,
				91F154712A5CC36B0059977A /* ColorExtensions.swift in Sources */,
				91E462232A82786000B3A04C /* Workout.swift in Sources */,
				91570D792A7331750035BEF1 /* WorkoutJSON.swift in Sources */,
				91570D872A79BF290035BEF1 /* WorkoutCalendar.swift in Sources */,
				91F1543F2A5CB9240059977A /* ContentView.swift in Sources */,
				91F154782A5D822F0059977A /* WeekView.swift in Sources */,
				91E462282A82C22000B3A04C /* ServerURL.swift in Sources */,
				91FD02F92A6E0978001EF9AA /* TeamService.swift in Sources */,
				91FD02F42A6DF37A001EF9AA /* ActivityIndicator.swift in Sources */,
				91570D7B2A748C9A0035BEF1 /* AssignedWorkout.swift in Sources */,
				9174210A2A67779F003C59EE /* UserInformation.swift in Sources */,
				91876C372A6A1E0100891047 /* KeychainItemAccessibility.swift in Sources */,
				91FD02FC2A6E09F6001EF9AA /* Team.swift in Sources */,
				9192D4442A81107B00B52759 /* WorkoutBlock.swift in Sources */,
				91F1543D2A5CB9240059977A /* ProServ_MobileApp.swift in Sources */,
				91F154732A5D767E0059977A /* CardView.swift in Sources */,
				91570D742A73286F0035BEF1 /* DataState.swift in Sources */,
				91F1547A2A5D9A4B0059977A /* CoachContactView.swift in Sources */,
				91876C312A6A1A9100891047 /* LoginViewModel.swift in Sources */,
				9192D4422A807EF200B52759 /* Calendar-Carousel.swift in Sources */,
				91FD02F72A6E0415001EF9AA /* UserService.swift in Sources */,
				9192D4462A81110D00B52759 /* Parameter.swift in Sources */,
				91570D8B2A7C553B0035BEF1 /* WorkoutCalendar Test.swift in Sources */,
				91570D7E2A774AD90035BEF1 /* Response Wrapper.swift in Sources */,
				91570D852A79BE000035BEF1 /* ViewWorkout.swift in Sources */,
				91570D762A7330570035BEF1 /* WorkoutService.swift in Sources */,
				91876C332A6A1B7400891047 /* LoginView.swift in Sources */,
				91570D722A731E1A0035BEF1 /* ServiceOrchestrator.swift in Sources */,
				91876C382A6A1E0100891047 /* KeychainWrapper.swift in Sources */,
				91F1546E2A5CC07D0059977A /* HomeViewModel.swift in Sources */,
			);
			runOnlyForDeploymentPostprocessing = 0;
		};
		91F154452A5CB9250059977A /* Sources */ = {
			isa = PBXSourcesBuildPhase;
			buildActionMask = 2147483647;
			files = (
				91F1544E2A5CB9250059977A /* ProServ_MobileTests.swift in Sources */,
			);
			runOnlyForDeploymentPostprocessing = 0;
		};
		91F1544F2A5CB9250059977A /* Sources */ = {
			isa = PBXSourcesBuildPhase;
			buildActionMask = 2147483647;
			files = (
				91F1545A2A5CB9250059977A /* ProServ_MobileUITestsLaunchTests.swift in Sources */,
				91F154582A5CB9250059977A /* ProServ_MobileUITests.swift in Sources */,
			);
			runOnlyForDeploymentPostprocessing = 0;
		};
/* End PBXSourcesBuildPhase section */

/* Begin PBXTargetDependency section */
		91F1544B2A5CB9250059977A /* PBXTargetDependency */ = {
			isa = PBXTargetDependency;
			target = 91F154382A5CB9240059977A /* ProServ Mobile */;
			targetProxy = 91F1544A2A5CB9250059977A /* PBXContainerItemProxy */;
		};
		91F154552A5CB9250059977A /* PBXTargetDependency */ = {
			isa = PBXTargetDependency;
			target = 91F154382A5CB9240059977A /* ProServ Mobile */;
			targetProxy = 91F154542A5CB9250059977A /* PBXContainerItemProxy */;
		};
/* End PBXTargetDependency section */

/* Begin XCBuildConfiguration section */
		91E462292A82C59000B3A04C /* AJIphoneRelease */ = {
			isa = XCBuildConfiguration;
			buildSettings = {
				ALWAYS_SEARCH_USER_PATHS = NO;
				CLANG_ANALYZER_NONNULL = YES;
				CLANG_ANALYZER_NUMBER_OBJECT_CONVERSION = YES_AGGRESSIVE;
				CLANG_CXX_LANGUAGE_STANDARD = "gnu++20";
				CLANG_ENABLE_MODULES = YES;
				CLANG_ENABLE_OBJC_ARC = YES;
				CLANG_ENABLE_OBJC_WEAK = YES;
				CLANG_WARN_BLOCK_CAPTURE_AUTORELEASING = YES;
				CLANG_WARN_BOOL_CONVERSION = YES;
				CLANG_WARN_COMMA = YES;
				CLANG_WARN_CONSTANT_CONVERSION = YES;
				CLANG_WARN_DEPRECATED_OBJC_IMPLEMENTATIONS = YES;
				CLANG_WARN_DIRECT_OBJC_ISA_USAGE = YES_ERROR;
				CLANG_WARN_DOCUMENTATION_COMMENTS = YES;
				CLANG_WARN_EMPTY_BODY = YES;
				CLANG_WARN_ENUM_CONVERSION = YES;
				CLANG_WARN_INFINITE_RECURSION = YES;
				CLANG_WARN_INT_CONVERSION = YES;
				CLANG_WARN_NON_LITERAL_NULL_CONVERSION = YES;
				CLANG_WARN_OBJC_IMPLICIT_RETAIN_SELF = YES;
				CLANG_WARN_OBJC_LITERAL_CONVERSION = YES;
				CLANG_WARN_OBJC_ROOT_CLASS = YES_ERROR;
				CLANG_WARN_QUOTED_INCLUDE_IN_FRAMEWORK_HEADER = YES;
				CLANG_WARN_RANGE_LOOP_ANALYSIS = YES;
				CLANG_WARN_STRICT_PROTOTYPES = YES;
				CLANG_WARN_SUSPICIOUS_MOVE = YES;
				CLANG_WARN_UNGUARDED_AVAILABILITY = YES_AGGRESSIVE;
				CLANG_WARN_UNREACHABLE_CODE = YES;
				CLANG_WARN__DUPLICATE_METHOD_MATCH = YES;
				COPY_PHASE_STRIP = NO;
				DEBUG_INFORMATION_FORMAT = "dwarf-with-dsym";
				ENABLE_NS_ASSERTIONS = NO;
				ENABLE_STRICT_OBJC_MSGSEND = YES;
				GCC_C_LANGUAGE_STANDARD = gnu11;
				GCC_NO_COMMON_BLOCKS = YES;
				GCC_WARN_64_TO_32_BIT_CONVERSION = YES;
				GCC_WARN_ABOUT_RETURN_TYPE = YES_ERROR;
				GCC_WARN_UNDECLARED_SELECTOR = YES;
				GCC_WARN_UNINITIALIZED_AUTOS = YES_AGGRESSIVE;
				GCC_WARN_UNUSED_FUNCTION = YES;
				GCC_WARN_UNUSED_VARIABLE = YES;
				IPHONEOS_DEPLOYMENT_TARGET = 16.4;
				MTL_ENABLE_DEBUG_INFO = NO;
				MTL_FAST_MATH = YES;
				SDKROOT = iphoneos;
				SWIFT_COMPILATION_MODE = wholemodule;
				SWIFT_OPTIMIZATION_LEVEL = "-O";
				VALIDATE_PRODUCT = YES;
			};
			name = AJIphoneRelease;
		};
		91E4622A2A82C59000B3A04C /* AJIphoneRelease */ = {
			isa = XCBuildConfiguration;
			buildSettings = {
				ASSETCATALOG_COMPILER_APPICON_NAME = AppIcon;
				ASSETCATALOG_COMPILER_GLOBAL_ACCENT_COLOR_NAME = AccentColor;
				CODE_SIGN_STYLE = Automatic;
				CURRENT_PROJECT_VERSION = 1;
				DEVELOPMENT_ASSET_PATHS = "\"ProServ Mobile/Preview Content\"";
				DEVELOPMENT_TEAM = L78Y96XMY7;
				ENABLE_PREVIEWS = YES;
				GENERATE_INFOPLIST_FILE = YES;
				INFOPLIST_KEY_UIApplicationSceneManifest_Generation = YES;
				INFOPLIST_KEY_UIApplicationSupportsIndirectInputEvents = YES;
				INFOPLIST_KEY_UILaunchScreen_Generation = YES;
				INFOPLIST_KEY_UISupportedInterfaceOrientations_iPad = "UIInterfaceOrientationPortrait UIInterfaceOrientationPortraitUpsideDown UIInterfaceOrientationLandscapeLeft UIInterfaceOrientationLandscapeRight";
				INFOPLIST_KEY_UISupportedInterfaceOrientations_iPhone = "UIInterfaceOrientationPortrait UIInterfaceOrientationLandscapeLeft UIInterfaceOrientationLandscapeRight";
				LD_RUNPATH_SEARCH_PATHS = (
					"$(inherited)",
					"@executable_path/Frameworks",
				);
				MARKETING_VERSION = 1.0;
				PRODUCT_BUNDLE_IDENTIFIER = "AJJohnson.ProServ-Mobile";
				PRODUCT_NAME = "$(TARGET_NAME)";
				SWIFT_EMIT_LOC_STRINGS = YES;
				SWIFT_VERSION = 5.0;
				TARGETED_DEVICE_FAMILY = "1,2";
			};
			name = AJIphoneRelease;
		};
		91E4622B2A82C59000B3A04C /* AJIphoneRelease */ = {
			isa = XCBuildConfiguration;
			buildSettings = {
				ALWAYS_EMBED_SWIFT_STANDARD_LIBRARIES = YES;
				BUNDLE_LOADER = "$(TEST_HOST)";
				CODE_SIGN_STYLE = Automatic;
				CURRENT_PROJECT_VERSION = 1;
				DEVELOPMENT_TEAM = L78Y96XMY7;
				GENERATE_INFOPLIST_FILE = YES;
				IPHONEOS_DEPLOYMENT_TARGET = 16.4;
				MARKETING_VERSION = 1.0;
				PRODUCT_BUNDLE_IDENTIFIER = "AJJohnson.ProServ-MobileTests";
				PRODUCT_NAME = "$(TARGET_NAME)";
				SWIFT_EMIT_LOC_STRINGS = NO;
				SWIFT_VERSION = 5.0;
				TARGETED_DEVICE_FAMILY = "1,2";
				TEST_HOST = "$(BUILT_PRODUCTS_DIR)/ProServ Mobile.app/$(BUNDLE_EXECUTABLE_FOLDER_PATH)/ProServ Mobile";
			};
			name = AJIphoneRelease;
		};
		91E4622C2A82C59000B3A04C /* AJIphoneRelease */ = {
			isa = XCBuildConfiguration;
			buildSettings = {
				ALWAYS_EMBED_SWIFT_STANDARD_LIBRARIES = YES;
				CODE_SIGN_STYLE = Automatic;
				CURRENT_PROJECT_VERSION = 1;
				DEVELOPMENT_TEAM = L78Y96XMY7;
				GENERATE_INFOPLIST_FILE = YES;
				MARKETING_VERSION = 1.0;
				PRODUCT_BUNDLE_IDENTIFIER = "AJJohnson.ProServ-MobileUITests";
				PRODUCT_NAME = "$(TARGET_NAME)";
				SWIFT_EMIT_LOC_STRINGS = NO;
				SWIFT_VERSION = 5.0;
				TARGETED_DEVICE_FAMILY = "1,2";
				TEST_TARGET_NAME = "ProServ Mobile";
			};
			name = AJIphoneRelease;
		};
		91F1545B2A5CB9250059977A /* Debug */ = {
			isa = XCBuildConfiguration;
			buildSettings = {
				ALWAYS_SEARCH_USER_PATHS = NO;
				CLANG_ANALYZER_NONNULL = YES;
				CLANG_ANALYZER_NUMBER_OBJECT_CONVERSION = YES_AGGRESSIVE;
				CLANG_CXX_LANGUAGE_STANDARD = "gnu++20";
				CLANG_ENABLE_MODULES = YES;
				CLANG_ENABLE_OBJC_ARC = YES;
				CLANG_ENABLE_OBJC_WEAK = YES;
				CLANG_WARN_BLOCK_CAPTURE_AUTORELEASING = YES;
				CLANG_WARN_BOOL_CONVERSION = YES;
				CLANG_WARN_COMMA = YES;
				CLANG_WARN_CONSTANT_CONVERSION = YES;
				CLANG_WARN_DEPRECATED_OBJC_IMPLEMENTATIONS = YES;
				CLANG_WARN_DIRECT_OBJC_ISA_USAGE = YES_ERROR;
				CLANG_WARN_DOCUMENTATION_COMMENTS = YES;
				CLANG_WARN_EMPTY_BODY = YES;
				CLANG_WARN_ENUM_CONVERSION = YES;
				CLANG_WARN_INFINITE_RECURSION = YES;
				CLANG_WARN_INT_CONVERSION = YES;
				CLANG_WARN_NON_LITERAL_NULL_CONVERSION = YES;
				CLANG_WARN_OBJC_IMPLICIT_RETAIN_SELF = YES;
				CLANG_WARN_OBJC_LITERAL_CONVERSION = YES;
				CLANG_WARN_OBJC_ROOT_CLASS = YES_ERROR;
				CLANG_WARN_QUOTED_INCLUDE_IN_FRAMEWORK_HEADER = YES;
				CLANG_WARN_RANGE_LOOP_ANALYSIS = YES;
				CLANG_WARN_STRICT_PROTOTYPES = YES;
				CLANG_WARN_SUSPICIOUS_MOVE = YES;
				CLANG_WARN_UNGUARDED_AVAILABILITY = YES_AGGRESSIVE;
				CLANG_WARN_UNREACHABLE_CODE = YES;
				CLANG_WARN__DUPLICATE_METHOD_MATCH = YES;
				COPY_PHASE_STRIP = NO;
				DEBUG_INFORMATION_FORMAT = dwarf;
				ENABLE_STRICT_OBJC_MSGSEND = YES;
				ENABLE_TESTABILITY = YES;
				GCC_C_LANGUAGE_STANDARD = gnu11;
				GCC_DYNAMIC_NO_PIC = NO;
				GCC_NO_COMMON_BLOCKS = YES;
				GCC_OPTIMIZATION_LEVEL = 0;
				GCC_PREPROCESSOR_DEFINITIONS = (
					"DEBUG=1",
					"$(inherited)",
				);
				GCC_WARN_64_TO_32_BIT_CONVERSION = YES;
				GCC_WARN_ABOUT_RETURN_TYPE = YES_ERROR;
				GCC_WARN_UNDECLARED_SELECTOR = YES;
				GCC_WARN_UNINITIALIZED_AUTOS = YES_AGGRESSIVE;
				GCC_WARN_UNUSED_FUNCTION = YES;
				GCC_WARN_UNUSED_VARIABLE = YES;
				IPHONEOS_DEPLOYMENT_TARGET = 16.4;
				MTL_ENABLE_DEBUG_INFO = INCLUDE_SOURCE;
				MTL_FAST_MATH = YES;
				ONLY_ACTIVE_ARCH = YES;
				SDKROOT = iphoneos;
				SWIFT_ACTIVE_COMPILATION_CONDITIONS = DEBUG;
				SWIFT_OPTIMIZATION_LEVEL = "-Onone";
			};
			name = Debug;
		};
		91F1545C2A5CB9250059977A /* Release */ = {
			isa = XCBuildConfiguration;
			buildSettings = {
				ALWAYS_SEARCH_USER_PATHS = NO;
				CLANG_ANALYZER_NONNULL = YES;
				CLANG_ANALYZER_NUMBER_OBJECT_CONVERSION = YES_AGGRESSIVE;
				CLANG_CXX_LANGUAGE_STANDARD = "gnu++20";
				CLANG_ENABLE_MODULES = YES;
				CLANG_ENABLE_OBJC_ARC = YES;
				CLANG_ENABLE_OBJC_WEAK = YES;
				CLANG_WARN_BLOCK_CAPTURE_AUTORELEASING = YES;
				CLANG_WARN_BOOL_CONVERSION = YES;
				CLANG_WARN_COMMA = YES;
				CLANG_WARN_CONSTANT_CONVERSION = YES;
				CLANG_WARN_DEPRECATED_OBJC_IMPLEMENTATIONS = YES;
				CLANG_WARN_DIRECT_OBJC_ISA_USAGE = YES_ERROR;
				CLANG_WARN_DOCUMENTATION_COMMENTS = YES;
				CLANG_WARN_EMPTY_BODY = YES;
				CLANG_WARN_ENUM_CONVERSION = YES;
				CLANG_WARN_INFINITE_RECURSION = YES;
				CLANG_WARN_INT_CONVERSION = YES;
				CLANG_WARN_NON_LITERAL_NULL_CONVERSION = YES;
				CLANG_WARN_OBJC_IMPLICIT_RETAIN_SELF = YES;
				CLANG_WARN_OBJC_LITERAL_CONVERSION = YES;
				CLANG_WARN_OBJC_ROOT_CLASS = YES_ERROR;
				CLANG_WARN_QUOTED_INCLUDE_IN_FRAMEWORK_HEADER = YES;
				CLANG_WARN_RANGE_LOOP_ANALYSIS = YES;
				CLANG_WARN_STRICT_PROTOTYPES = YES;
				CLANG_WARN_SUSPICIOUS_MOVE = YES;
				CLANG_WARN_UNGUARDED_AVAILABILITY = YES_AGGRESSIVE;
				CLANG_WARN_UNREACHABLE_CODE = YES;
				CLANG_WARN__DUPLICATE_METHOD_MATCH = YES;
				COPY_PHASE_STRIP = NO;
				DEBUG_INFORMATION_FORMAT = "dwarf-with-dsym";
				ENABLE_NS_ASSERTIONS = NO;
				ENABLE_STRICT_OBJC_MSGSEND = YES;
				GCC_C_LANGUAGE_STANDARD = gnu11;
				GCC_NO_COMMON_BLOCKS = YES;
				GCC_WARN_64_TO_32_BIT_CONVERSION = YES;
				GCC_WARN_ABOUT_RETURN_TYPE = YES_ERROR;
				GCC_WARN_UNDECLARED_SELECTOR = YES;
				GCC_WARN_UNINITIALIZED_AUTOS = YES_AGGRESSIVE;
				GCC_WARN_UNUSED_FUNCTION = YES;
				GCC_WARN_UNUSED_VARIABLE = YES;
				IPHONEOS_DEPLOYMENT_TARGET = 16.4;
				MTL_ENABLE_DEBUG_INFO = NO;
				MTL_FAST_MATH = YES;
				SDKROOT = iphoneos;
				SWIFT_COMPILATION_MODE = wholemodule;
				SWIFT_OPTIMIZATION_LEVEL = "-O";
				VALIDATE_PRODUCT = YES;
			};
			name = Release;
		};
		91F1545E2A5CB9250059977A /* Debug */ = {
			isa = XCBuildConfiguration;
			buildSettings = {
				ASSETCATALOG_COMPILER_APPICON_NAME = AppIcon;
				ASSETCATALOG_COMPILER_GLOBAL_ACCENT_COLOR_NAME = AccentColor;
				CODE_SIGN_STYLE = Automatic;
				CURRENT_PROJECT_VERSION = 1;
				DEVELOPMENT_ASSET_PATHS = "\"ProServ Mobile/Preview Content\"";
				DEVELOPMENT_TEAM = L78Y96XMY7;
				ENABLE_PREVIEWS = YES;
				GENERATE_INFOPLIST_FILE = YES;
				INFOPLIST_KEY_UIApplicationSceneManifest_Generation = YES;
				INFOPLIST_KEY_UIApplicationSupportsIndirectInputEvents = YES;
				INFOPLIST_KEY_UILaunchScreen_Generation = YES;
				INFOPLIST_KEY_UISupportedInterfaceOrientations_iPad = "UIInterfaceOrientationPortrait UIInterfaceOrientationPortraitUpsideDown UIInterfaceOrientationLandscapeLeft UIInterfaceOrientationLandscapeRight";
				INFOPLIST_KEY_UISupportedInterfaceOrientations_iPhone = "UIInterfaceOrientationPortrait UIInterfaceOrientationLandscapeLeft UIInterfaceOrientationLandscapeRight";
				LD_RUNPATH_SEARCH_PATHS = (
					"$(inherited)",
					"@executable_path/Frameworks",
				);
				MARKETING_VERSION = 1.0;
				PRODUCT_BUNDLE_IDENTIFIER = "AJJohnson.ProServ-Mobile";
				PRODUCT_NAME = "$(TARGET_NAME)";
				SWIFT_EMIT_LOC_STRINGS = YES;
				SWIFT_VERSION = 5.0;
				TARGETED_DEVICE_FAMILY = "1,2";
			};
			name = Debug;
		};
		91F1545F2A5CB9250059977A /* Release */ = {
			isa = XCBuildConfiguration;
			buildSettings = {
				ASSETCATALOG_COMPILER_APPICON_NAME = AppIcon;
				ASSETCATALOG_COMPILER_GLOBAL_ACCENT_COLOR_NAME = AccentColor;
				CODE_SIGN_STYLE = Automatic;
				CURRENT_PROJECT_VERSION = 1;
				DEVELOPMENT_ASSET_PATHS = "\"ProServ Mobile/Preview Content\"";
				DEVELOPMENT_TEAM = L78Y96XMY7;
				ENABLE_PREVIEWS = YES;
				GENERATE_INFOPLIST_FILE = YES;
				INFOPLIST_KEY_UIApplicationSceneManifest_Generation = YES;
				INFOPLIST_KEY_UIApplicationSupportsIndirectInputEvents = YES;
				INFOPLIST_KEY_UILaunchScreen_Generation = YES;
				INFOPLIST_KEY_UISupportedInterfaceOrientations_iPad = "UIInterfaceOrientationPortrait UIInterfaceOrientationPortraitUpsideDown UIInterfaceOrientationLandscapeLeft UIInterfaceOrientationLandscapeRight";
				INFOPLIST_KEY_UISupportedInterfaceOrientations_iPhone = "UIInterfaceOrientationPortrait UIInterfaceOrientationLandscapeLeft UIInterfaceOrientationLandscapeRight";
				LD_RUNPATH_SEARCH_PATHS = (
					"$(inherited)",
					"@executable_path/Frameworks",
				);
				MARKETING_VERSION = 1.0;
				PRODUCT_BUNDLE_IDENTIFIER = "AJJohnson.ProServ-Mobile";
				PRODUCT_NAME = "$(TARGET_NAME)";
				SWIFT_EMIT_LOC_STRINGS = YES;
				SWIFT_VERSION = 5.0;
				TARGETED_DEVICE_FAMILY = "1,2";
			};
			name = Release;
		};
		91F154612A5CB9250059977A /* Debug */ = {
			isa = XCBuildConfiguration;
			buildSettings = {
				ALWAYS_EMBED_SWIFT_STANDARD_LIBRARIES = YES;
				BUNDLE_LOADER = "$(TEST_HOST)";
				CODE_SIGN_STYLE = Automatic;
				CURRENT_PROJECT_VERSION = 1;
				DEVELOPMENT_TEAM = L78Y96XMY7;
				GENERATE_INFOPLIST_FILE = YES;
				IPHONEOS_DEPLOYMENT_TARGET = 16.4;
				MARKETING_VERSION = 1.0;
				PRODUCT_BUNDLE_IDENTIFIER = "AJJohnson.ProServ-MobileTests";
				PRODUCT_NAME = "$(TARGET_NAME)";
				SWIFT_EMIT_LOC_STRINGS = NO;
				SWIFT_VERSION = 5.0;
				TARGETED_DEVICE_FAMILY = "1,2";
				TEST_HOST = "$(BUILT_PRODUCTS_DIR)/ProServ Mobile.app/$(BUNDLE_EXECUTABLE_FOLDER_PATH)/ProServ Mobile";
			};
			name = Debug;
		};
		91F154622A5CB9250059977A /* Release */ = {
			isa = XCBuildConfiguration;
			buildSettings = {
				ALWAYS_EMBED_SWIFT_STANDARD_LIBRARIES = YES;
				BUNDLE_LOADER = "$(TEST_HOST)";
				CODE_SIGN_STYLE = Automatic;
				CURRENT_PROJECT_VERSION = 1;
				DEVELOPMENT_TEAM = L78Y96XMY7;
				GENERATE_INFOPLIST_FILE = YES;
				IPHONEOS_DEPLOYMENT_TARGET = 16.4;
				MARKETING_VERSION = 1.0;
				PRODUCT_BUNDLE_IDENTIFIER = "AJJohnson.ProServ-MobileTests";
				PRODUCT_NAME = "$(TARGET_NAME)";
				SWIFT_EMIT_LOC_STRINGS = NO;
				SWIFT_VERSION = 5.0;
				TARGETED_DEVICE_FAMILY = "1,2";
				TEST_HOST = "$(BUILT_PRODUCTS_DIR)/ProServ Mobile.app/$(BUNDLE_EXECUTABLE_FOLDER_PATH)/ProServ Mobile";
			};
			name = Release;
		};
		91F154642A5CB9250059977A /* Debug */ = {
			isa = XCBuildConfiguration;
			buildSettings = {
				ALWAYS_EMBED_SWIFT_STANDARD_LIBRARIES = YES;
				CODE_SIGN_STYLE = Automatic;
				CURRENT_PROJECT_VERSION = 1;
				DEVELOPMENT_TEAM = L78Y96XMY7;
				GENERATE_INFOPLIST_FILE = YES;
				MARKETING_VERSION = 1.0;
				PRODUCT_BUNDLE_IDENTIFIER = "AJJohnson.ProServ-MobileUITests";
				PRODUCT_NAME = "$(TARGET_NAME)";
				SWIFT_EMIT_LOC_STRINGS = NO;
				SWIFT_VERSION = 5.0;
				TARGETED_DEVICE_FAMILY = "1,2";
				TEST_TARGET_NAME = "ProServ Mobile";
			};
			name = Debug;
		};
		91F154652A5CB9250059977A /* Release */ = {
			isa = XCBuildConfiguration;
			buildSettings = {
				ALWAYS_EMBED_SWIFT_STANDARD_LIBRARIES = YES;
				CODE_SIGN_STYLE = Automatic;
				CURRENT_PROJECT_VERSION = 1;
				DEVELOPMENT_TEAM = L78Y96XMY7;
				GENERATE_INFOPLIST_FILE = YES;
				MARKETING_VERSION = 1.0;
				PRODUCT_BUNDLE_IDENTIFIER = "AJJohnson.ProServ-MobileUITests";
				PRODUCT_NAME = "$(TARGET_NAME)";
				SWIFT_EMIT_LOC_STRINGS = NO;
				SWIFT_VERSION = 5.0;
				TARGETED_DEVICE_FAMILY = "1,2";
				TEST_TARGET_NAME = "ProServ Mobile";
			};
			name = Release;
		};
/* End XCBuildConfiguration section */

/* Begin XCConfigurationList section */
		91F154342A5CB9240059977A /* Build configuration list for PBXProject "ProServ Mobile" */ = {
			isa = XCConfigurationList;
			buildConfigurations = (
				91F1545B2A5CB9250059977A /* Debug */,
				91F1545C2A5CB9250059977A /* Release */,
				91E462292A82C59000B3A04C /* AJIphoneRelease */,
			);
			defaultConfigurationIsVisible = 0;
			defaultConfigurationName = Release;
		};
		91F1545D2A5CB9250059977A /* Build configuration list for PBXNativeTarget "ProServ Mobile" */ = {
			isa = XCConfigurationList;
			buildConfigurations = (
				91F1545E2A5CB9250059977A /* Debug */,
				91F1545F2A5CB9250059977A /* Release */,
				91E4622A2A82C59000B3A04C /* AJIphoneRelease */,
			);
			defaultConfigurationIsVisible = 0;
			defaultConfigurationName = Release;
		};
		91F154602A5CB9250059977A /* Build configuration list for PBXNativeTarget "ProServ MobileTests" */ = {
			isa = XCConfigurationList;
			buildConfigurations = (
				91F154612A5CB9250059977A /* Debug */,
				91F154622A5CB9250059977A /* Release */,
				91E4622B2A82C59000B3A04C /* AJIphoneRelease */,
			);
			defaultConfigurationIsVisible = 0;
			defaultConfigurationName = Release;
		};
		91F154632A5CB9250059977A /* Build configuration list for PBXNativeTarget "ProServ MobileUITests" */ = {
			isa = XCConfigurationList;
			buildConfigurations = (
				91F154642A5CB9250059977A /* Debug */,
				91F154652A5CB9250059977A /* Release */,
				91E4622C2A82C59000B3A04C /* AJIphoneRelease */,
			);
			defaultConfigurationIsVisible = 0;
			defaultConfigurationName = Release;
		};
/* End XCConfigurationList section */

/* Begin XCLocalSwiftPackageReference section */
		916489562A806DA7008D3DD2 /* XCLocalSwiftPackageReference "../../../../Downloads/SwiftUISnappingScrollView-main" */ = {
			isa = XCLocalSwiftPackageReference;
			relativePath = "../../../../Downloads/SwiftUISnappingScrollView-main";
		};
/* End XCLocalSwiftPackageReference section */

/* Begin XCSwiftPackageProductDependency section */
		916489572A806DA7008D3DD2 /* SwiftUISnappingScrollView */ = {
			isa = XCSwiftPackageProductDependency;
			productName = SwiftUISnappingScrollView;
		};
/* End XCSwiftPackageProductDependency section */
	};
	rootObject = 91F154312A5CB9240059977A /* Project object */;
}
